// !$*UTF8*$!
{
	archiveVersion = 1;
	classes = {
	};
	objectVersion = 50;
	objects = {

/* Begin PBXBuildFile section */
		2CFD4D5AD7C62B741529216B /* Pods_Instagram.framework in Frameworks */ = {isa = PBXBuildFile; fileRef = 5E0BCB5E57A1F11589C56497 /* Pods_Instagram.framework */; };
		819B528E20C8F9A90034A45A /* AppDelegate.swift in Sources */ = {isa = PBXBuildFile; fileRef = 819B528D20C8F9A90034A45A /* AppDelegate.swift */; };
		819B529020C8F9A90034A45A /* ViewController.swift in Sources */ = {isa = PBXBuildFile; fileRef = 819B528F20C8F9A90034A45A /* ViewController.swift */; };
		819B529320C8F9A90034A45A /* Main.storyboard in Resources */ = {isa = PBXBuildFile; fileRef = 819B529120C8F9A90034A45A /* Main.storyboard */; };
		819B529520C8F9AB0034A45A /* Assets.xcassets in Resources */ = {isa = PBXBuildFile; fileRef = 819B529420C8F9AB0034A45A /* Assets.xcassets */; };
		819B529820C8F9AB0034A45A /* LaunchScreen.storyboard in Resources */ = {isa = PBXBuildFile; fileRef = 819B529620C8F9AB0034A45A /* LaunchScreen.storyboard */; };
		81D5F02220C9234300D7A2D3 /* GoogleService-Info.plist in Resources */ = {isa = PBXBuildFile; fileRef = 81D5F02120C9234300D7A2D3 /* GoogleService-Info.plist */; };
		81D5F02420CAD58900D7A2D3 /* Const.swift in Sources */ = {isa = PBXBuildFile; fileRef = 81D5F02320CAD58900D7A2D3 /* Const.swift */; };
		81D5F02620CADE6B00D7A2D3 /* PostData.swift in Sources */ = {isa = PBXBuildFile; fileRef = 81D5F02520CADE6B00D7A2D3 /* PostData.swift */; };
		81D5F02920CAE45D00D7A2D3 /* PostTableViewCell.swift in Sources */ = {isa = PBXBuildFile; fileRef = 81D5F02720CAE45D00D7A2D3 /* PostTableViewCell.swift */; };
		81D5F02A20CAE45D00D7A2D3 /* PostTableViewCell.xib in Resources */ = {isa = PBXBuildFile; fileRef = 81D5F02820CAE45D00D7A2D3 /* PostTableViewCell.xib */; };
		81D5F03120CFC71400D7A2D3 /* CommentViewController.swift in Sources */ = {isa = PBXBuildFile; fileRef = 81D5F03020CFC71400D7A2D3 /* CommentViewController.swift */; };
		81FE14E520C8FED800E8120B /* LoginViewController.swift in Sources */ = {isa = PBXBuildFile; fileRef = 81FE14E420C8FED800E8120B /* LoginViewController.swift */; };
		81FE14E720C8FEE700E8120B /* HomeViewController.swift in Sources */ = {isa = PBXBuildFile; fileRef = 81FE14E620C8FEE700E8120B /* HomeViewController.swift */; };
		81FE14E920C8FEFC00E8120B /* ImageSelectViewController.swift in Sources */ = {isa = PBXBuildFile; fileRef = 81FE14E820C8FEFC00E8120B /* ImageSelectViewController.swift */; };
		81FE14EB20C8FF0700E8120B /* PostViewController.swift in Sources */ = {isa = PBXBuildFile; fileRef = 81FE14EA20C8FF0700E8120B /* PostViewController.swift */; };
		81FE14ED20C8FF1100E8120B /* SettingViewController.swift in Sources */ = {isa = PBXBuildFile; fileRef = 81FE14EC20C8FF1100E8120B /* SettingViewController.swift */; };
/* End PBXBuildFile section */

/* Begin PBXFileReference section */
		00F596441FAD2E10C9F5A70A /* Pods-Instagram.release.xcconfig */ = {isa = PBXFileReference; includeInIndex = 1; lastKnownFileType = text.xcconfig; name = "Pods-Instagram.release.xcconfig"; path = "Pods/Target Support Files/Pods-Instagram/Pods-Instagram.release.xcconfig"; sourceTree = "<group>"; };
		5E0BCB5E57A1F11589C56497 /* Pods_Instagram.framework */ = {isa = PBXFileReference; explicitFileType = wrapper.framework; includeInIndex = 0; path = Pods_Instagram.framework; sourceTree = BUILT_PRODUCTS_DIR; };
		819B528A20C8F9A90034A45A /* Instagram.app */ = {isa = PBXFileReference; explicitFileType = wrapper.application; includeInIndex = 0; path = Instagram.app; sourceTree = BUILT_PRODUCTS_DIR; };
		819B528D20C8F9A90034A45A /* AppDelegate.swift */ = {isa = PBXFileReference; lastKnownFileType = sourcecode.swift; path = AppDelegate.swift; sourceTree = "<group>"; };
		819B528F20C8F9A90034A45A /* ViewController.swift */ = {isa = PBXFileReference; lastKnownFileType = sourcecode.swift; path = ViewController.swift; sourceTree = "<group>"; };
		819B529220C8F9A90034A45A /* Base */ = {isa = PBXFileReference; lastKnownFileType = file.storyboard; name = Base; path = Base.lproj/Main.storyboard; sourceTree = "<group>"; };
		819B529420C8F9AB0034A45A /* Assets.xcassets */ = {isa = PBXFileReference; lastKnownFileType = folder.assetcatalog; path = Assets.xcassets; sourceTree = "<group>"; };
		819B529720C8F9AB0034A45A /* Base */ = {isa = PBXFileReference; lastKnownFileType = file.storyboard; name = Base; path = Base.lproj/LaunchScreen.storyboard; sourceTree = "<group>"; };
		819B529920C8F9AB0034A45A /* Info.plist */ = {isa = PBXFileReference; lastKnownFileType = text.plist.xml; path = Info.plist; sourceTree = "<group>"; };
		81D5F02120C9234300D7A2D3 /* GoogleService-Info.plist */ = {isa = PBXFileReference; fileEncoding = 4; lastKnownFileType = text.plist.xml; path = "GoogleService-Info.plist"; sourceTree = "<group>"; };
		81D5F02320CAD58900D7A2D3 /* Const.swift */ = {isa = PBXFileReference; lastKnownFileType = sourcecode.swift; path = Const.swift; sourceTree = "<group>"; };
		81D5F02520CADE6B00D7A2D3 /* PostData.swift */ = {isa = PBXFileReference; lastKnownFileType = sourcecode.swift; path = PostData.swift; sourceTree = "<group>"; };
		81D5F02720CAE45D00D7A2D3 /* PostTableViewCell.swift */ = {isa = PBXFileReference; lastKnownFileType = sourcecode.swift; path = PostTableViewCell.swift; sourceTree = "<group>"; };
		81D5F02820CAE45D00D7A2D3 /* PostTableViewCell.xib */ = {isa = PBXFileReference; lastKnownFileType = file.xib; path = PostTableViewCell.xib; sourceTree = "<group>"; };
		81D5F03020CFC71400D7A2D3 /* CommentViewController.swift */ = {isa = PBXFileReference; lastKnownFileType = sourcecode.swift; path = CommentViewController.swift; sourceTree = "<group>"; };
		81FE14E420C8FED800E8120B /* LoginViewController.swift */ = {isa = PBXFileReference; lastKnownFileType = sourcecode.swift; path = LoginViewController.swift; sourceTree = "<group>"; };
		81FE14E620C8FEE700E8120B /* HomeViewController.swift */ = {isa = PBXFileReference; lastKnownFileType = sourcecode.swift; path = HomeViewController.swift; sourceTree = "<group>"; };
		81FE14E820C8FEFC00E8120B /* ImageSelectViewController.swift */ = {isa = PBXFileReference; lastKnownFileType = sourcecode.swift; path = ImageSelectViewController.swift; sourceTree = "<group>"; };
		81FE14EA20C8FF0700E8120B /* PostViewController.swift */ = {isa = PBXFileReference; lastKnownFileType = sourcecode.swift; path = PostViewController.swift; sourceTree = "<group>"; };
		81FE14EC20C8FF1100E8120B /* SettingViewController.swift */ = {isa = PBXFileReference; lastKnownFileType = sourcecode.swift; path = SettingViewController.swift; sourceTree = "<group>"; };
		C07E3207F80BB19FC8D84441 /* Pods-Instagram.debug.xcconfig */ = {isa = PBXFileReference; includeInIndex = 1; lastKnownFileType = text.xcconfig; name = "Pods-Instagram.debug.xcconfig"; path = "Pods/Target Support Files/Pods-Instagram/Pods-Instagram.debug.xcconfig"; sourceTree = "<group>"; };
/* End PBXFileReference section */

/* Begin PBXFrameworksBuildPhase section */
		819B528720C8F9A90034A45A /* Frameworks */ = {
			isa = PBXFrameworksBuildPhase;
			buildActionMask = 2147483647;
			files = (
				2CFD4D5AD7C62B741529216B /* Pods_Instagram.framework in Frameworks */,
			);
			runOnlyForDeploymentPostprocessing = 0;
		};
/* End PBXFrameworksBuildPhase section */

/* Begin PBXGroup section */
		6127A1702A4C1969B41D61D9 /* Pods */ = {
			isa = PBXGroup;
			children = (
				C07E3207F80BB19FC8D84441 /* Pods-Instagram.debug.xcconfig */,
				00F596441FAD2E10C9F5A70A /* Pods-Instagram.release.xcconfig */,
			);
			name = Pods;
			sourceTree = "<group>";
		};
		819B528120C8F9A90034A45A = {
			isa = PBXGroup;
			children = (
				819B528C20C8F9A90034A45A /* Instagram */,
				819B528B20C8F9A90034A45A /* Products */,
				6127A1702A4C1969B41D61D9 /* Pods */,
				A4AA962126FB4416A19852FF /* Frameworks */,
			);
			sourceTree = "<group>";
		};
		819B528B20C8F9A90034A45A /* Products */ = {
			isa = PBXGroup;
			children = (
				819B528A20C8F9A90034A45A /* Instagram.app */,
			);
			name = Products;
			sourceTree = "<group>";
		};
		819B528C20C8F9A90034A45A /* Instagram */ = {
			isa = PBXGroup;
			children = (
				819B528D20C8F9A90034A45A /* AppDelegate.swift */,
				819B528F20C8F9A90034A45A /* ViewController.swift */,
				819B529120C8F9A90034A45A /* Main.storyboard */,
				81FE14E420C8FED800E8120B /* LoginViewController.swift */,
				81FE14E620C8FEE700E8120B /* HomeViewController.swift */,
				81D5F02520CADE6B00D7A2D3 /* PostData.swift */,
				81D5F02720CAE45D00D7A2D3 /* PostTableViewCell.swift */,
				81D5F02820CAE45D00D7A2D3 /* PostTableViewCell.xib */,
				81D5F03020CFC71400D7A2D3 /* CommentViewController.swift */,
				81FE14E820C8FEFC00E8120B /* ImageSelectViewController.swift */,
				81FE14EA20C8FF0700E8120B /* PostViewController.swift */,
				81D5F02320CAD58900D7A2D3 /* Const.swift */,
				81FE14EC20C8FF1100E8120B /* SettingViewController.swift */,
				819B529420C8F9AB0034A45A /* Assets.xcassets */,
				819B529620C8F9AB0034A45A /* LaunchScreen.storyboard */,
				819B529920C8F9AB0034A45A /* Info.plist */,
				81D5F02120C9234300D7A2D3 /* GoogleService-Info.plist */,
			);
			path = Instagram;
			sourceTree = "<group>";
		};
		A4AA962126FB4416A19852FF /* Frameworks */ = {
			isa = PBXGroup;
			children = (
				5E0BCB5E57A1F11589C56497 /* Pods_Instagram.framework */,
			);
			name = Frameworks;
			sourceTree = "<group>";
		};
/* End PBXGroup section */

/* Begin PBXNativeTarget section */
		819B528920C8F9A90034A45A /* Instagram */ = {
			isa = PBXNativeTarget;
			buildConfigurationList = 819B529C20C8F9AB0034A45A /* Build configuration list for PBXNativeTarget "Instagram" */;
			buildPhases = (
				4FC09CF84CC13470BF3218AF /* [CP] Check Pods Manifest.lock */,
				819B528620C8F9A90034A45A /* Sources */,
				819B528720C8F9A90034A45A /* Frameworks */,
				819B528820C8F9A90034A45A /* Resources */,
				B4C3D2B59421076E9BE482D4 /* [CP] Embed Pods Frameworks */,
			);
			buildRules = (
			);
			dependencies = (
			);
			name = Instagram;
			productName = Instagram;
			productReference = 819B528A20C8F9A90034A45A /* Instagram.app */;
			productType = "com.apple.product-type.application";
		};
/* End PBXNativeTarget section */

/* Begin PBXProject section */
		819B528220C8F9A90034A45A /* Project object */ = {
			isa = PBXProject;
			attributes = {
				LastSwiftUpdateCheck = 0940;
				LastUpgradeCheck = 0940;
				ORGANIZATIONNAME = "yuuki uchiyama";
				TargetAttributes = {
					819B528920C8F9A90034A45A = {
						CreatedOnToolsVersion = 9.4;
					};
				};
			};
			buildConfigurationList = 819B528520C8F9A90034A45A /* Build configuration list for PBXProject "Instagram" */;
			compatibilityVersion = "Xcode 9.3";
			developmentRegion = en;
			hasScannedForEncodings = 0;
			knownRegions = (
				en,
				Base,
			);
			mainGroup = 819B528120C8F9A90034A45A;
			productRefGroup = 819B528B20C8F9A90034A45A /* Products */;
			projectDirPath = "";
			projectRoot = "";
			targets = (
				819B528920C8F9A90034A45A /* Instagram */,
			);
		};
/* End PBXProject section */

/* Begin PBXResourcesBuildPhase section */
		819B528820C8F9A90034A45A /* Resources */ = {
			isa = PBXResourcesBuildPhase;
			buildActionMask = 2147483647;
			files = (
				819B529820C8F9AB0034A45A /* LaunchScreen.storyboard in Resources */,
				81D5F02A20CAE45D00D7A2D3 /* PostTableViewCell.xib in Resources */,
				81D5F02220C9234300D7A2D3 /* GoogleService-Info.plist in Resources */,
				819B529520C8F9AB0034A45A /* Assets.xcassets in Resources */,
				819B529320C8F9A90034A45A /* Main.storyboard in Resources */,
			);
			runOnlyForDeploymentPostprocessing = 0;
		};
/* End PBXResourcesBuildPhase section */

/* Begin PBXShellScriptBuildPhase section */
		4FC09CF84CC13470BF3218AF /* [CP] Check Pods Manifest.lock */ = {
			isa = PBXShellScriptBuildPhase;
			buildActionMask = 2147483647;
			files = (
			);
			inputPaths = (
				"${PODS_PODFILE_DIR_PATH}/Podfile.lock",
				"${PODS_ROOT}/Manifest.lock",
			);
			name = "[CP] Check Pods Manifest.lock";
			outputPaths = (
				"$(DERIVED_FILE_DIR)/Pods-Instagram-checkManifestLockResult.txt",
			);
			runOnlyForDeploymentPostprocessing = 0;
			shellPath = /bin/sh;
			shellScript = "diff \"${PODS_PODFILE_DIR_PATH}/Podfile.lock\" \"${PODS_ROOT}/Manifest.lock\" > /dev/null\nif [ $? != 0 ] ; then\n    # print error to STDERR\n    echo \"error: The sandbox is not in sync with the Podfile.lock. Run 'pod install' or update your CocoaPods installation.\" >&2\n    exit 1\nfi\n# This output is used by Xcode 'outputs' to avoid re-running this script phase.\necho \"SUCCESS\" > \"${SCRIPT_OUTPUT_FILE_0}\"\n";
			showEnvVarsInLog = 0;
		};
		B4C3D2B59421076E9BE482D4 /* [CP] Embed Pods Frameworks */ = {
			isa = PBXShellScriptBuildPhase;
			buildActionMask = 2147483647;
			files = (
			);
			inputPaths = (
				"${SRCROOT}/Pods/Target Support Files/Pods-Instagram/Pods-Instagram-frameworks.sh",
				"${BUILT_PRODUCTS_DIR}/CLImageEditor/CLImageEditor.framework",
				"${BUILT_PRODUCTS_DIR}/ESTabBarController/ESTabBarController.framework",
				"${BUILT_PRODUCTS_DIR}/GTMSessionFetcher/GTMSessionFetcher.framework",
				"${BUILT_PRODUCTS_DIR}/GoogleToolboxForMac/GoogleToolboxForMac.framework",
				"${BUILT_PRODUCTS_DIR}/SVProgressHUD/SVProgressHUD.framework",
				"${BUILT_PRODUCTS_DIR}/leveldb-library/leveldb.framework",
				"${BUILT_PRODUCTS_DIR}/nanopb/nanopb.framework",
			);
			name = "[CP] Embed Pods Frameworks";
			outputPaths = (
				"${TARGET_BUILD_DIR}/${FRAMEWORKS_FOLDER_PATH}/CLImageEditor.framework",
				"${TARGET_BUILD_DIR}/${FRAMEWORKS_FOLDER_PATH}/ESTabBarController.framework",
				"${TARGET_BUILD_DIR}/${FRAMEWORKS_FOLDER_PATH}/GTMSessionFetcher.framework",
				"${TARGET_BUILD_DIR}/${FRAMEWORKS_FOLDER_PATH}/GoogleToolboxForMac.framework",
				"${TARGET_BUILD_DIR}/${FRAMEWORKS_FOLDER_PATH}/SVProgressHUD.framework",
				"${TARGET_BUILD_DIR}/${FRAMEWORKS_FOLDER_PATH}/leveldb.framework",
				"${TARGET_BUILD_DIR}/${FRAMEWORKS_FOLDER_PATH}/nanopb.framework",
			);
			runOnlyForDeploymentPostprocessing = 0;
			shellPath = /bin/sh;
			shellScript = "\"${SRCROOT}/Pods/Target Support Files/Pods-Instagram/Pods-Instagram-frameworks.sh\"\n";
			showEnvVarsInLog = 0;
		};
/* End PBXShellScriptBuildPhase section */

/* Begin PBXSourcesBuildPhase section */
		819B528620C8F9A90034A45A /* Sources */ = {
			isa = PBXSourcesBuildPhase;
			buildActionMask = 2147483647;
			files = (
				81FE14EB20C8FF0700E8120B /* PostViewController.swift in Sources */,
				81D5F02620CADE6B00D7A2D3 /* PostData.swift in Sources */,
				81FE14E520C8FED800E8120B /* LoginViewController.swift in Sources */,
				819B529020C8F9A90034A45A /* ViewController.swift in Sources */,
				819B528E20C8F9A90034A45A /* AppDelegate.swift in Sources */,
				81FE14E920C8FEFC00E8120B /* ImageSelectViewController.swift in Sources */,
				81D5F02420CAD58900D7A2D3 /* Const.swift in Sources */,
				81D5F02920CAE45D00D7A2D3 /* PostTableViewCell.swift in Sources */,
				81FE14ED20C8FF1100E8120B /* SettingViewController.swift in Sources */,
				81FE14E720C8FEE700E8120B /* HomeViewController.swift in Sources */,
				81D5F03120CFC71400D7A2D3 /* CommentViewController.swift in Sources */,
			);
			runOnlyForDeploymentPostprocessing = 0;
		};
/* End PBXSourcesBuildPhase section */

/* Begin PBXVariantGroup section */
		819B529120C8F9A90034A45A /* Main.storyboard */ = {
			isa = PBXVariantGroup;
			children = (
				819B529220C8F9A90034A45A /* Base */,
			);
			name = Main.storyboard;
			sourceTree = "<group>";
		};
		819B529620C8F9AB0034A45A /* LaunchScreen.storyboard */ = {
			isa = PBXVariantGroup;
			children = (
				819B529720C8F9AB0034A45A /* Base */,
			);
			name = LaunchScreen.storyboard;
			sourceTree = "<group>";
		};
/* End PBXVariantGroup section */

/* Begin XCBuildConfiguration section */
		819B529A20C8F9AB0034A45A /* Debug */ = {
			isa = XCBuildConfiguration;
			buildSettings = {
				ALWAYS_SEARCH_USER_PATHS = NO;
				CLANG_ANALYZER_NONNULL = YES;
				CLANG_ANALYZER_NUMBER_OBJECT_CONVERSION = YES_AGGRESSIVE;
				CLANG_CXX_LANGUAGE_STANDARD = "gnu++14";
				CLANG_CXX_LIBRARY = "libc++";
				CLANG_ENABLE_MODULES = YES;
				CLANG_ENABLE_OBJC_ARC = YES;
				CLANG_ENABLE_OBJC_WEAK = YES;
				CLANG_WARN_BLOCK_CAPTURE_AUTORELEASING = YES;
				CLANG_WARN_BOOL_CONVERSION = YES;
				CLANG_WARN_COMMA = YES;
				CLANG_WARN_CONSTANT_CONVERSION = YES;
				CLANG_WARN_DEPRECATED_OBJC_IMPLEMENTATIONS = YES;
				CLANG_WARN_DIRECT_OBJC_ISA_USAGE = YES_ERROR;
				CLANG_WARN_DOCUMENTATION_COMMENTS = YES;
				CLANG_WARN_EMPTY_BODY = YES;
				CLANG_WARN_ENUM_CONVERSION = YES;
				CLANG_WARN_INFINITE_RECURSION = YES;
				CLANG_WARN_INT_CONVERSION = YES;
				CLANG_WARN_NON_LITERAL_NULL_CONVERSION = YES;
				CLANG_WARN_OBJC_IMPLICIT_RETAIN_SELF = YES;
				CLANG_WARN_OBJC_LITERAL_CONVERSION = YES;
				CLANG_WARN_OBJC_ROOT_CLASS = YES_ERROR;
				CLANG_WARN_RANGE_LOOP_ANALYSIS = YES;
				CLANG_WARN_STRICT_PROTOTYPES = YES;
				CLANG_WARN_SUSPICIOUS_MOVE = YES;
				CLANG_WARN_UNGUARDED_AVAILABILITY = YES_AGGRESSIVE;
				CLANG_WARN_UNREACHABLE_CODE = YES;
				CLANG_WARN__DUPLICATE_METHOD_MATCH = YES;
				CODE_SIGN_IDENTITY = "iPhone Developer";
				COPY_PHASE_STRIP = NO;
				DEBUG_INFORMATION_FORMAT = dwarf;
				ENABLE_STRICT_OBJC_MSGSEND = YES;
				ENABLE_TESTABILITY = YES;
				GCC_C_LANGUAGE_STANDARD = gnu11;
				GCC_DYNAMIC_NO_PIC = NO;
				GCC_NO_COMMON_BLOCKS = YES;
				GCC_OPTIMIZATION_LEVEL = 0;
				GCC_PREPROCESSOR_DEFINITIONS = (
					"DEBUG=1",
					"$(inherited)",
				);
				GCC_WARN_64_TO_32_BIT_CONVERSION = YES;
				GCC_WARN_ABOUT_RETURN_TYPE = YES_ERROR;
				GCC_WARN_UNDECLARED_SELECTOR = YES;
				GCC_WARN_UNINITIALIZED_AUTOS = YES_AGGRESSIVE;
				GCC_WARN_UNUSED_FUNCTION = YES;
				GCC_WARN_UNUSED_VARIABLE = YES;
				IPHONEOS_DEPLOYMENT_TARGET = 11.4;
				MTL_ENABLE_DEBUG_INFO = YES;
				ONLY_ACTIVE_ARCH = YES;
				SDKROOT = iphoneos;
				SWIFT_ACTIVE_COMPILATION_CONDITIONS = DEBUG;
				SWIFT_OPTIMIZATION_LEVEL = "-Onone";
			};
			name = Debug;
		};
		819B529B20C8F9AB0034A45A /* Release */ = {
			isa = XCBuildConfiguration;
			buildSettings = {
				ALWAYS_SEARCH_USER_PATHS = NO;
				CLANG_ANALYZER_NONNULL = YES;
				CLANG_ANALYZER_NUMBER_OBJECT_CONVERSION = YES_AGGRESSIVE;
				CLANG_CXX_LANGUAGE_STANDARD = "gnu++14";
				CLANG_CXX_LIBRARY = "libc++";
				CLANG_ENABLE_MODULES = YES;
				CLANG_ENABLE_OBJC_ARC = YES;
				CLANG_ENABLE_OBJC_WEAK = YES;
				CLANG_WARN_BLOCK_CAPTURE_AUTORELEASING = YES;
				CLANG_WARN_BOOL_CONVERSION = YES;
				CLANG_WARN_COMMA = YES;
				CLANG_WARN_CONSTANT_CONVERSION = YES;
				CLANG_WARN_DEPRECATED_OBJC_IMPLEMENTATIONS = YES;
				CLANG_WARN_DIRECT_OBJC_ISA_USAGE = YES_ERROR;
				CLANG_WARN_DOCUMENTATION_COMMENTS = YES;
				CLANG_WARN_EMPTY_BODY = YES;
				CLANG_WARN_ENUM_CONVERSION = YES;
				CLANG_WARN_INFINITE_RECURSION = YES;
				CLANG_WARN_INT_CONVERSION = YES;
				CLANG_WARN_NON_LITERAL_NULL_CONVERSION = YES;
				CLANG_WARN_OBJC_IMPLICIT_RETAIN_SELF = YES;
				CLANG_WARN_OBJC_LITERAL_CONVERSION = YES;
				CLANG_WARN_OBJC_ROOT_CLASS = YES_ERROR;
				CLANG_WARN_RANGE_LOOP_ANALYSIS = YES;
				CLANG_WARN_STRICT_PROTOTYPES = YES;
				CLANG_WARN_SUSPICIOUS_MOVE = YES;
				CLANG_WARN_UNGUARDED_AVAILABILITY = YES_AGGRESSIVE;
				CLANG_WARN_UNREACHABLE_CODE = YES;
				CLANG_WARN__DUPLICATE_METHOD_MATCH = YES;
				CODE_SIGN_IDENTITY = "iPhone Developer";
				COPY_PHASE_STRIP = NO;
				DEBUG_INFORMATION_FORMAT = "dwarf-with-dsym";
				ENABLE_NS_ASSERTIONS = NO;
				ENABLE_STRICT_OBJC_MSGSEND = YES;
				GCC_C_LANGUAGE_STANDARD = gnu11;
				GCC_NO_COMMON_BLOCKS = YES;
				GCC_WARN_64_TO_32_BIT_CONVERSION = YES;
				GCC_WARN_ABOUT_RETURN_TYPE = YES_ERROR;
				GCC_WARN_UNDECLARED_SELECTOR = YES;
				GCC_WARN_UNINITIALIZED_AUTOS = YES_AGGRESSIVE;
				GCC_WARN_UNUSED_FUNCTION = YES;
				GCC_WARN_UNUSED_VARIABLE = YES;
				IPHONEOS_DEPLOYMENT_TARGET = 11.4;
				MTL_ENABLE_DEBUG_INFO = NO;
				SDKROOT = iphoneos;
				SWIFT_COMPILATION_MODE = wholemodule;
				SWIFT_OPTIMIZATION_LEVEL = "-O";
				VALIDATE_PRODUCT = YES;
			};
			name = Release;
		};
		819B529D20C8F9AB0034A45A /* Debug */ = {
			isa = XCBuildConfiguration;
			baseConfigurationReference = C07E3207F80BB19FC8D84441 /* Pods-Instagram.debug.xcconfig */;
			buildSettings = {
				ASSETCATALOG_COMPILER_APPICON_NAME = AppIcon;
				CODE_SIGN_STYLE = Automatic;
				DEVELOPMENT_TEAM = 64H8HU437K;
				INFOPLIST_FILE = Instagram/Info.plist;
				LD_RUNPATH_SEARCH_PATHS = (
					"$(inherited)",
					"@executable_path/Frameworks",
				);
				PRODUCT_BUNDLE_IDENTIFIER = jp.techacademy.Yuuki.Uchiyama.Instagram;
				PRODUCT_NAME = "$(TARGET_NAME)";
				SWIFT_VERSION = 4.0;
				TARGETED_DEVICE_FAMILY = 1;
			};
			name = Debug;
		};
		819B529E20C8F9AB0034A45A /* Release */ = {
			isa = XCBuildConfiguration;
			baseConfigurationReference = 00F596441FAD2E10C9F5A70A /* Pods-Instagram.release.xcconfig */;
			buildSettings = {
				ASSETCATALOG_COMPILER_APPICON_NAME = AppIcon;
				CODE_SIGN_STYLE = Automatic;
				DEVELOPMENT_TEAM = 64H8HU437K;
				INFOPLIST_FILE = Instagram/Info.plist;
				LD_RUNPATH_SEARCH_PATHS = (
					"$(inherited)",
					"@executable_path/Frameworks",
				);
				PRODUCT_BUNDLE_IDENTIFIER = jp.techacademy.Yuuki.Uchiyama.Instagram;
				PRODUCT_NAME = "$(TARGET_NAME)";
				SWIFT_VERSION = 4.0;
				TARGETED_DEVICE_FAMILY = 1;
			};
			name = Release;
		};
/* End XCBuildConfiguration section */

/* Begin XCConfigurationList section */
		819B528520C8F9A90034A45A /* Build configuration list for PBXProject "Instagram" */ = {
			isa = XCConfigurationList;
			buildConfigurations = (
				819B529A20C8F9AB0034A45A /* Debug */,
				819B529B20C8F9AB0034A45A /* Release */,
			);
			defaultConfigurationIsVisible = 0;
			defaultConfigurationName = Release;
		};
		819B529C20C8F9AB0034A45A /* Build configuration list for PBXNativeTarget "Instagram" */ = {
			isa = XCConfigurationList;
			buildConfigurations = (
				819B529D20C8F9AB0034A45A /* Debug */,
				819B529E20C8F9AB0034A45A /* Release */,
			);
			defaultConfigurationIsVisible = 0;
			defaultConfigurationName = Release;
		};
/* End XCConfigurationList section */
	};
	rootObject = 819B528220C8F9A90034A45A /* Project object */;
}
